{
  "version": 4,
  "terraform_version": "1.2.5",
  "serial": 54,
  "lineage": "5695ff9c-d7c6-9da5-4518-228f1c0cdf8e",
  "outputs": {
    "sno1_UUID": {
      "value": "cac1e63a-9738-434f-98d4-d2310f928d7f",
      "type": "string"
    }
  },
  "resources": [
    {
      "mode": "managed",
      "type": "libvirt_domain",
      "name": "sno1",
      "provider": "provider[\"registry.terraform.io/dmacvicar/libvirt\"]",
      "instances": [
        {
          "schema_version": 0,
          "attributes": {
            "arch": "x86_64",
            "autostart": null,
            "boot_device": [
              {
                "dev": [
                  "hd",
                  "cdrom"
                ]
              }
            ],
            "cloudinit": null,
            "cmdline": null,
            "console": [
              {
                "source_host": "127.0.0.1",
                "source_path": "",
                "source_service": "0",
                "target_port": "0",
                "target_type": "serial",
                "type": "pty"
              },
              {
                "source_host": "127.0.0.1",
                "source_path": "",
                "source_service": "0",
                "target_port": "1",
                "target_type": "virtio",
                "type": "pty"
              }
            ],
            "coreos_ignition": null,
            "cpu": [
              {
                "mode": "host-passthrough"
              }
            ],
            "description": "",
            "disk": [
              {
                "block_device": "",
                "file": "",
                "scsi": true,
                "url": "",
                "volume_id": "/var/lib/libvirt/images/fatdisk-sno1",
                "wwn": ""
              },
              {
                "block_device": "",
                "file": "/var/lib/libvirt/images/dummy.iso",
                "scsi": false,
                "url": "",
                "volume_id": "",
                "wwn": ""
              }
            ],
            "emulator": "/usr/libexec/qemu-kvm",
            "filesystem": [],
            "firmware": "",
            "fw_cfg_name": "opt/com.coreos/config",
            "graphics": [
              {
                "autoport": true,
                "listen_address": "127.0.0.1",
                "listen_type": "address",
                "type": "spice",
                "websocket": 0
              }
            ],
            "id": "cac1e63a-9738-434f-98d4-d2310f928d7f",
            "initrd": "",
            "kernel": "",
            "machine": "q35",
            "memory": 96000,
            "metadata": null,
            "name": "ocp4-sno1",
            "network_interface": [
              {
                "addresses": [],
                "bridge": "",
                "hostname": "",
                "mac": "BA:BB:CC:12:82:20",
                "macvtap": "",
                "network_id": "e5e6146a-fc2b-4792-a5d6-556de89700fc",
                "network_name": "snolab1-net",
                "passthrough": "",
                "vepa": "",
                "wait_for_lease": false
              },
              {
                "addresses": [],
                "bridge": "",
                "hostname": "",
                "mac": "BE:BB:CC:12:82:20",
                "macvtap": "",
                "network_id": "8517ca9c-c8e2-4bea-beeb-4f98158af8c1",
                "network_name": "snolab-net",
                "passthrough": "",
                "vepa": "",
                "wait_for_lease": false
              }
            ],
            "nvram": [],
            "qemu_agent": false,
            "running": false,
            "timeouts": null,
            "tpm": [],
            "vcpu": 8,
            "video": [],
            "xml": [
              {
                "xslt": "\u003c?xml version=\"1.0\" ?\u003e\n\u003cxsl:stylesheet version=\"1.0\"\n                xmlns:xsl=\"http://www.w3.org/1999/XSL/Transform\"\u003e\n  \u003cxsl:output omit-xml-declaration=\"yes\" indent=\"yes\"/\u003e\n  \u003cxsl:template match=\"node()|@*\"\u003e\n     \u003cxsl:copy\u003e\n       \u003cxsl:apply-templates select=\"node()|@*\"/\u003e\n     \u003c/xsl:copy\u003e\n  \u003c/xsl:template\u003e\n\n  \u003cxsl:template match=\"/domain/devices/disk[@device='cdrom']/target/@bus\"\u003e\n    \u003cxsl:attribute name=\"bus\"\u003e\n      \u003cxsl:value-of select=\"'sata'\"/\u003e\n    \u003c/xsl:attribute\u003e\n  \u003c/xsl:template\u003e\n\n\u003c/xsl:stylesheet\u003e"
              }
            ]
          },
          "sensitive_attributes": [],
          "private": "eyJlMmJmYjczMC1lY2FhLTExZTYtOGY4OC0zNDM2M2JjN2M0YzAiOnsiY3JlYXRlIjozMDAwMDAwMDAwMDB9fQ==",
          "dependencies": [
            "libvirt_volume.fatdisk-sno1"
          ]
        }
      ]
    },
    {
      "mode": "managed",
      "type": "libvirt_volume",
      "name": "fatdisk-sno1",
      "provider": "provider[\"registry.terraform.io/dmacvicar/libvirt\"]",
      "instances": [
        {
          "schema_version": 0,
          "attributes": {
            "base_volume_id": null,
            "base_volume_name": null,
            "base_volume_pool": null,
            "format": "qcow2",
            "id": "/var/lib/libvirt/images/fatdisk-sno1",
            "name": "fatdisk-sno1",
            "pool": "images",
            "size": 130000000000,
            "source": null,
            "xml": []
          },
          "sensitive_attributes": [],
          "private": "bnVsbA=="
        }
      ]
    }
  ]
}
